
Microsoft Visual Studio Solution File, Format Version 12.00
# Visual Studio Version 17
VisualStudioVersion = 17.5.002.0
MinimumVisualStudioVersion = 10.0.40219.1
Project("{9A19103F-16F7-4668-BE54-9A1E7A4F7556}") = "JwtAspNet", "JwtAspNet.csproj", "{92CA7458-03BF-4ADD-B76E-A2AD04E497F7}"
EndProject
Global
	GlobalSection(SolutionConfigurationPlatforms) = preSolution
		Debug|Any CPU = Debug|Any CPU
		Release|Any CPU = Release|Any CPU
	EndGlobalSection
	GlobalSection(ProjectConfigurationPlatforms) = postSolution
		{92CA7458-03BF-4ADD-B76E-A2AD04E497F7}.Debug|Any CPU.ActiveCfg = Debug|Any CPU
		{92CA7458-03BF-4ADD-B76E-A2AD04E497F7}.Debug|Any CPU.Build.0 = Debug|Any CPU
		{92CA7458-03BF-4ADD-B76E-A2AD04E497F7}.Release|Any CPU.ActiveCfg = Release|Any CPU
		{92CA7458-03BF-4ADD-B76E-A2AD04E497F7}.Release|Any CPU.Build.0 = Release|Any CPU
	EndGlobalSection
	GlobalSection(SolutionProperties) = preSolution
		HideSolutionNode = FALSE
	EndGlobalSection
	GlobalSection(ExtensibilityGlobals) = postSolution
		SolutionGuid = {69E466EE-93CB-420B-BD30-EA164A5349FA}
	EndGlobalSection
EndGlobal
